
Microsoft Visual Studio Solution File, Format Version 12.00
# Visual Studio Version 16
VisualStudioVersion = 16.0.30413.136
MinimumVisualStudioVersion = 10.0.40219.1
Project("{FAE04EC0-301F-11D3-BF4B-00C04F79EFBC}") = "WebApplication_Kaido15", "WebApplication_Kaido15\WebApplication_Kaido15.csproj", "{A81F9D62-9636-4D84-9B54-59FFC2BBDFDE}"
EndProject
Project("{2150E333-8FDC-42A3-9474-1A3956D46DE8}") = "Solution Items", "Solution Items", "{6C76F3D1-D4FE-4855-936C-A8F824C59AB2}"
EndProject
Global
	GlobalSection(SolutionConfigurationPlatforms) = preSolution
		Debug|Any CPU = Debug|Any CPU
		Release|Any CPU = Release|Any CPU
	EndGlobalSection
	GlobalSection(ProjectConfigurationPlatforms) = postSolution
		{A81F9D62-9636-4D84-9B54-59FFC2BBDFDE}.Debug|Any CPU.ActiveCfg = Debug|Any CPU
		{A81F9D62-9636-4D84-9B54-59FFC2BBDFDE}.Debug|Any CPU.Build.0 = Debug|Any CPU
		{A81F9D62-9636-4D84-9B54-59FFC2BBDFDE}.Release|Any CPU.ActiveCfg = Release|Any CPU
		{A81F9D62-9636-4D84-9B54-59FFC2BBDFDE}.Release|Any CPU.Build.0 = Release|Any CPU
	EndGlobalSection
	GlobalSection(SolutionProperties) = preSolution
		HideSolutionNode = FALSE
	EndGlobalSection
	GlobalSection(ExtensibilityGlobals) = postSolution
		SolutionGuid = {CF8D9B1D-314E-463F-9720-679A6910DD29}
	EndGlobalSection
EndGlobal
